// !$*UTF8*$!
{
	archiveVersion = 1;
	classes = {
	};
	objectVersion = 51;
	objects = {

/* Begin PBXBuildFile section */
		C4026950263A3B79008CC931 /* MealEntryHost.swift in Sources */ = {isa = PBXBuildFile; fileRef = C402694F263A3B79008CC931 /* MealEntryHost.swift */; };
		C419DD8F2640BC5B0052C435 /* RecommendedFood.swift in Sources */ = {isa = PBXBuildFile; fileRef = C419DD8E2640BC5B0052C435 /* RecommendedFood.swift */; };
		C419DD922640CA160052C435 /* NotificationDetail.swift in Sources */ = {isa = PBXBuildFile; fileRef = C419DD912640CA160052C435 /* NotificationDetail.swift */; };
		C419DD942640CA280052C435 /* NotificationList.swift in Sources */ = {isa = PBXBuildFile; fileRef = C419DD932640CA280052C435 /* NotificationList.swift */; };
		C419DD962640CCEB0052C435 /* NotificationPreview.swift in Sources */ = {isa = PBXBuildFile; fileRef = C419DD952640CCEB0052C435 /* NotificationPreview.swift */; };
		C419DD982640E5C70052C435 /* NotificationNumber.swift in Sources */ = {isa = PBXBuildFile; fileRef = C419DD972640E5C70052C435 /* NotificationNumber.swift */; };
		C4259D5826268479004C4238 /* ViewController.swift in Sources */ = {isa = PBXBuildFile; fileRef = C4259D5726268479004C4238 /* ViewController.swift */; };
		C43478BC263CC39500BC4FC8 /* MealDetail.swift in Sources */ = {isa = PBXBuildFile; fileRef = C43478BB263CC39500BC4FC8 /* MealDetail.swift */; };
		C43A3732263CED6F00A6C0D3 /* MealType.swift in Sources */ = {isa = PBXBuildFile; fileRef = C43A3731263CED6F00A6C0D3 /* MealType.swift */; };
		C43A3736263CF26700A6C0D3 /* userData.json in Resources */ = {isa = PBXBuildFile; fileRef = C43A3735263CF26700A6C0D3 /* userData.json */; };
		C44061AE263F3C65009886D0 /* MealsList.swift in Sources */ = {isa = PBXBuildFile; fileRef = C44061AD263F3C65009886D0 /* MealsList.swift */; };
		C4429A9F263CA17C0097DCFF /* SearchBar.swift in Sources */ = {isa = PBXBuildFile; fileRef = C4429A9E263CA17C0097DCFF /* SearchBar.swift */; };
		C4429AA1263CA8800097DCFF /* ManualEntry.swift in Sources */ = {isa = PBXBuildFile; fileRef = C4429AA0263CA8800097DCFF /* ManualEntry.swift */; };
		C4429AA3263CA9180097DCFF /* MealLookup.swift in Sources */ = {isa = PBXBuildFile; fileRef = C4429AA2263CA9180097DCFF /* MealLookup.swift */; };
		C48402962630EB40007F439A /* PageLabelView.swift in Sources */ = {isa = PBXBuildFile; fileRef = C48402952630EB40007F439A /* PageLabelView.swift */; };
		C484029A2630ED20007F439A /* TopBarIconView.swift in Sources */ = {isa = PBXBuildFile; fileRef = C48402992630ED20007F439A /* TopBarIconView.swift */; };
		C484029E2630F48C007F439A /* UserEnteryView.swift in Sources */ = {isa = PBXBuildFile; fileRef = C484029D2630F48C007F439A /* UserEnteryView.swift */; };
		C48402A42630F760007F439A /* BorderedTextView.swift in Sources */ = {isa = PBXBuildFile; fileRef = C48402A32630F760007F439A /* BorderedTextView.swift */; };
		C48402A82630F83C007F439A /* TextFieldClearButton.swift in Sources */ = {isa = PBXBuildFile; fileRef = C48402A72630F83C007F439A /* TextFieldClearButton.swift */; };
		C48402AC2630F8FF007F439A /* TabBarIconView.swift in Sources */ = {isa = PBXBuildFile; fileRef = C48402AB2630F8FF007F439A /* TabBarIconView.swift */; };
		C49DE91D26251848002FC058 /* Artificial_DieticianApp.swift in Sources */ = {isa = PBXBuildFile; fileRef = C49DE91C26251848002FC058 /* Artificial_DieticianApp.swift */; };
		C49DE91F26251848002FC058 /* ContentView.swift in Sources */ = {isa = PBXBuildFile; fileRef = C49DE91E26251848002FC058 /* ContentView.swift */; };
		C49DE92126251848002FC058 /* Assets.xcassets in Resources */ = {isa = PBXBuildFile; fileRef = C49DE92026251848002FC058 /* Assets.xcassets */; };
		C49DE92426251848002FC058 /* Preview Assets.xcassets in Resources */ = {isa = PBXBuildFile; fileRef = C49DE92326251848002FC058 /* Preview Assets.xcassets */; };
		C49DE92D262525C8002FC058 /* ViewRouter.swift in Sources */ = {isa = PBXBuildFile; fileRef = C49DE92C262525C8002FC058 /* ViewRouter.swift */; };
		C4B3350C2637ADE100C55CAA /* Profile.swift in Sources */ = {isa = PBXBuildFile; fileRef = C4B3350B2637ADE100C55CAA /* Profile.swift */; };
		C4B335102637AEB700C55CAA /* ProfileEditor.swift in Sources */ = {isa = PBXBuildFile; fileRef = C4B3350F2637AEB700C55CAA /* ProfileEditor.swift */; };
		C4B35C962638F6AD00DFF783 /* WeightEntryHost.swift in Sources */ = {isa = PBXBuildFile; fileRef = C4B35C952638F6AD00DFF783 /* WeightEntryHost.swift */; };
		C4C453EF263B7A4800818DFF /* Meal.swift in Sources */ = {isa = PBXBuildFile; fileRef = C4C453EE263B7A4800818DFF /* Meal.swift */; };
		C4C453F1263B883F00818DFF /* FlimsViewController.swift in Sources */ = {isa = PBXBuildFile; fileRef = C4C453F0263B883F00818DFF /* FlimsViewController.swift */; };
		C4C453F3263B9F7000818DFF /* foodData.json in Resources */ = {isa = PBXBuildFile; fileRef = C4C453F2263B9F7000818DFF /* foodData.json */; };
		C4C453F5263B9FD600818DFF /* SearchResult.swift in Sources */ = {isa = PBXBuildFile; fileRef = C4C453F4263B9FD600818DFF /* SearchResult.swift */; };
		C4C4B2442638CFF80026EBB1 /* ProfileHost.swift in Sources */ = {isa = PBXBuildFile; fileRef = C4C4B2432638CFF80026EBB1 /* ProfileHost.swift */; };
		C4C4B2472638D0980026EBB1 /* ProfileSummary.swift in Sources */ = {isa = PBXBuildFile; fileRef = C4C4B2462638D0980026EBB1 /* ProfileSummary.swift */; };
		C4C4B24B2638D7B50026EBB1 /* ModelData.swift in Sources */ = {isa = PBXBuildFile; fileRef = C4C4B24A2638D7B50026EBB1 /* ModelData.swift */; };
		C4C4B24F2638DD1D0026EBB1 /* ProfileEditingBar.swift in Sources */ = {isa = PBXBuildFile; fileRef = C4C4B24E2638DD1D0026EBB1 /* ProfileEditingBar.swift */; };
		C4C4B2552638EEDD0026EBB1 /* TopBarHost.swift in Sources */ = {isa = PBXBuildFile; fileRef = C4C4B2542638EEDD0026EBB1 /* TopBarHost.swift */; };
		C4D5B438263A41200031EAEB /* HomeHost.swift in Sources */ = {isa = PBXBuildFile; fileRef = C4D5B437263A41200031EAEB /* HomeHost.swift */; };
		C4F2584F26324EE30015F32A /* NutritionIXLinker.swift in Sources */ = {isa = PBXBuildFile; fileRef = C4F2584E26324EE30015F32A /* NutritionIXLinker.swift */; };
		DA2A2B62ABF77B0C1627913B /* Pods_Artificial_Dietician.framework in Frameworks */ = {isa = PBXBuildFile; fileRef = D80AFEF4BA7C79F53D703EE4 /* Pods_Artificial_Dietician.framework */; };
/* End PBXBuildFile section */

/* Begin PBXFileReference section */
		1D24785322E6076B57B80B79 /* Pods-Artificial-Dietician.release.xcconfig */ = {isa = PBXFileReference; includeInIndex = 1; lastKnownFileType = text.xcconfig; name = "Pods-Artificial-Dietician.release.xcconfig"; path = "Target Support Files/Pods-Artificial-Dietician/Pods-Artificial-Dietician.release.xcconfig"; sourceTree = "<group>"; };
		6B2BD2B43CEEF3BE201D7200 /* Pods-Artificial-Dietician.debug.xcconfig */ = {isa = PBXFileReference; includeInIndex = 1; lastKnownFileType = text.xcconfig; name = "Pods-Artificial-Dietician.debug.xcconfig"; path = "Target Support Files/Pods-Artificial-Dietician/Pods-Artificial-Dietician.debug.xcconfig"; sourceTree = "<group>"; };
		C402694F263A3B79008CC931 /* MealEntryHost.swift */ = {isa = PBXFileReference; lastKnownFileType = sourcecode.swift; path = MealEntryHost.swift; sourceTree = "<group>"; };
		C419DD8E2640BC5B0052C435 /* RecommendedFood.swift */ = {isa = PBXFileReference; lastKnownFileType = sourcecode.swift; path = RecommendedFood.swift; sourceTree = "<group>"; };
		C419DD912640CA160052C435 /* NotificationDetail.swift */ = {isa = PBXFileReference; lastKnownFileType = sourcecode.swift; path = NotificationDetail.swift; sourceTree = "<group>"; };
		C419DD932640CA280052C435 /* NotificationList.swift */ = {isa = PBXFileReference; lastKnownFileType = sourcecode.swift; path = NotificationList.swift; sourceTree = "<group>"; };
		C419DD952640CCEB0052C435 /* NotificationPreview.swift */ = {isa = PBXFileReference; lastKnownFileType = sourcecode.swift; path = NotificationPreview.swift; sourceTree = "<group>"; };
		C419DD972640E5C70052C435 /* NotificationNumber.swift */ = {isa = PBXFileReference; lastKnownFileType = sourcecode.swift; path = NotificationNumber.swift; sourceTree = "<group>"; };
		C4259D5726268479004C4238 /* ViewController.swift */ = {isa = PBXFileReference; lastKnownFileType = sourcecode.swift; path = ViewController.swift; sourceTree = "<group>"; };
		C43478BB263CC39500BC4FC8 /* MealDetail.swift */ = {isa = PBXFileReference; lastKnownFileType = sourcecode.swift; path = MealDetail.swift; sourceTree = "<group>"; };
		C43A3731263CED6F00A6C0D3 /* MealType.swift */ = {isa = PBXFileReference; lastKnownFileType = sourcecode.swift; path = MealType.swift; sourceTree = "<group>"; };
		C43A3735263CF26700A6C0D3 /* userData.json */ = {isa = PBXFileReference; fileEncoding = 4; lastKnownFileType = text.json; path = userData.json; sourceTree = "<group>"; };
		C44061AD263F3C65009886D0 /* MealsList.swift */ = {isa = PBXFileReference; lastKnownFileType = sourcecode.swift; path = MealsList.swift; sourceTree = "<group>"; };
		C4429A9E263CA17C0097DCFF /* SearchBar.swift */ = {isa = PBXFileReference; lastKnownFileType = sourcecode.swift; path = SearchBar.swift; sourceTree = "<group>"; };
		C4429AA0263CA8800097DCFF /* ManualEntry.swift */ = {isa = PBXFileReference; lastKnownFileType = sourcecode.swift; path = ManualEntry.swift; sourceTree = "<group>"; };
		C4429AA2263CA9180097DCFF /* MealLookup.swift */ = {isa = PBXFileReference; lastKnownFileType = sourcecode.swift; path = MealLookup.swift; sourceTree = "<group>"; };
		C48402952630EB40007F439A /* PageLabelView.swift */ = {isa = PBXFileReference; lastKnownFileType = sourcecode.swift; path = PageLabelView.swift; sourceTree = "<group>"; };
		C48402992630ED20007F439A /* TopBarIconView.swift */ = {isa = PBXFileReference; lastKnownFileType = sourcecode.swift; path = TopBarIconView.swift; sourceTree = "<group>"; };
		C484029D2630F48C007F439A /* UserEnteryView.swift */ = {isa = PBXFileReference; lastKnownFileType = sourcecode.swift; path = UserEnteryView.swift; sourceTree = "<group>"; };
		C48402A32630F760007F439A /* BorderedTextView.swift */ = {isa = PBXFileReference; lastKnownFileType = sourcecode.swift; path = BorderedTextView.swift; sourceTree = "<group>"; };
		C48402A72630F83C007F439A /* TextFieldClearButton.swift */ = {isa = PBXFileReference; lastKnownFileType = sourcecode.swift; path = TextFieldClearButton.swift; sourceTree = "<group>"; };
		C48402AB2630F8FF007F439A /* TabBarIconView.swift */ = {isa = PBXFileReference; lastKnownFileType = sourcecode.swift; path = TabBarIconView.swift; sourceTree = "<group>"; };
		C49DE91926251848002FC058 /* Artificial-Dietician.app */ = {isa = PBXFileReference; explicitFileType = wrapper.application; includeInIndex = 0; path = "Artificial-Dietician.app"; sourceTree = BUILT_PRODUCTS_DIR; };
		C49DE91C26251848002FC058 /* Artificial_DieticianApp.swift */ = {isa = PBXFileReference; lastKnownFileType = sourcecode.swift; path = Artificial_DieticianApp.swift; sourceTree = "<group>"; };
		C49DE91E26251848002FC058 /* ContentView.swift */ = {isa = PBXFileReference; lastKnownFileType = sourcecode.swift; path = ContentView.swift; sourceTree = "<group>"; };
		C49DE92026251848002FC058 /* Assets.xcassets */ = {isa = PBXFileReference; lastKnownFileType = folder.assetcatalog; path = Assets.xcassets; sourceTree = "<group>"; };
		C49DE92326251848002FC058 /* Preview Assets.xcassets */ = {isa = PBXFileReference; lastKnownFileType = folder.assetcatalog; path = "Preview Assets.xcassets"; sourceTree = "<group>"; };
		C49DE92526251848002FC058 /* Info.plist */ = {isa = PBXFileReference; lastKnownFileType = text.plist.xml; path = Info.plist; sourceTree = "<group>"; };
		C49DE92C262525C8002FC058 /* ViewRouter.swift */ = {isa = PBXFileReference; lastKnownFileType = sourcecode.swift; path = ViewRouter.swift; sourceTree = "<group>"; };
		C4B3350B2637ADE100C55CAA /* Profile.swift */ = {isa = PBXFileReference; lastKnownFileType = sourcecode.swift; path = Profile.swift; sourceTree = "<group>"; };
		C4B3350F2637AEB700C55CAA /* ProfileEditor.swift */ = {isa = PBXFileReference; lastKnownFileType = sourcecode.swift; path = ProfileEditor.swift; sourceTree = "<group>"; };
		C4B35C952638F6AD00DFF783 /* WeightEntryHost.swift */ = {isa = PBXFileReference; lastKnownFileType = sourcecode.swift; path = WeightEntryHost.swift; sourceTree = "<group>"; };
		C4C453EE263B7A4800818DFF /* Meal.swift */ = {isa = PBXFileReference; lastKnownFileType = sourcecode.swift; path = Meal.swift; sourceTree = "<group>"; };
		C4C453F0263B883F00818DFF /* FlimsViewController.swift */ = {isa = PBXFileReference; lastKnownFileType = sourcecode.swift; path = FlimsViewController.swift; sourceTree = "<group>"; };
		C4C453F2263B9F7000818DFF /* foodData.json */ = {isa = PBXFileReference; fileEncoding = 4; lastKnownFileType = text.json; path = foodData.json; sourceTree = "<group>"; };
		C4C453F4263B9FD600818DFF /* SearchResult.swift */ = {isa = PBXFileReference; lastKnownFileType = sourcecode.swift; path = SearchResult.swift; sourceTree = "<group>"; };
		C4C4B2432638CFF80026EBB1 /* ProfileHost.swift */ = {isa = PBXFileReference; lastKnownFileType = sourcecode.swift; path = ProfileHost.swift; sourceTree = "<group>"; };
		C4C4B2462638D0980026EBB1 /* ProfileSummary.swift */ = {isa = PBXFileReference; lastKnownFileType = sourcecode.swift; path = ProfileSummary.swift; sourceTree = "<group>"; };
		C4C4B24A2638D7B50026EBB1 /* ModelData.swift */ = {isa = PBXFileReference; lastKnownFileType = sourcecode.swift; path = ModelData.swift; sourceTree = "<group>"; };
		C4C4B24E2638DD1D0026EBB1 /* ProfileEditingBar.swift */ = {isa = PBXFileReference; lastKnownFileType = sourcecode.swift; path = ProfileEditingBar.swift; sourceTree = "<group>"; };
		C4C4B2542638EEDD0026EBB1 /* TopBarHost.swift */ = {isa = PBXFileReference; lastKnownFileType = sourcecode.swift; path = TopBarHost.swift; sourceTree = "<group>"; };
		C4D5B437263A41200031EAEB /* HomeHost.swift */ = {isa = PBXFileReference; lastKnownFileType = sourcecode.swift; path = HomeHost.swift; sourceTree = "<group>"; };
		C4F2584E26324EE30015F32A /* NutritionIXLinker.swift */ = {isa = PBXFileReference; lastKnownFileType = sourcecode.swift; path = NutritionIXLinker.swift; sourceTree = "<group>"; };
		D80AFEF4BA7C79F53D703EE4 /* Pods_Artificial_Dietician.framework */ = {isa = PBXFileReference; explicitFileType = wrapper.framework; includeInIndex = 0; path = Pods_Artificial_Dietician.framework; sourceTree = BUILT_PRODUCTS_DIR; };
/* End PBXFileReference section */

/* Begin PBXFrameworksBuildPhase section */
		C49DE91626251848002FC058 /* Frameworks */ = {
			isa = PBXFrameworksBuildPhase;
			buildActionMask = 2147483647;
			files = (
				DA2A2B62ABF77B0C1627913B /* Pods_Artificial_Dietician.framework in Frameworks */,
			);
			runOnlyForDeploymentPostprocessing = 0;
		};
/* End PBXFrameworksBuildPhase section */

/* Begin PBXGroup section */
		281E58586CCD404B18A02A81 /* Pods */ = {
			isa = PBXGroup;
			children = (
				6B2BD2B43CEEF3BE201D7200 /* Pods-Artificial-Dietician.debug.xcconfig */,
				1D24785322E6076B57B80B79 /* Pods-Artificial-Dietician.release.xcconfig */,
			);
			path = Pods;
			sourceTree = "<group>";
		};
		A5D9B6F075993F5B4B8F4FC5 /* Frameworks */ = {
			isa = PBXGroup;
			children = (
				D80AFEF4BA7C79F53D703EE4 /* Pods_Artificial_Dietician.framework */,
			);
			name = Frameworks;
			sourceTree = "<group>";
		};
		C402694B263A2BE8008CC931 /* Resources */ = {
			isa = PBXGroup;
			children = (
				C43A3735263CF26700A6C0D3 /* userData.json */,
				C4C453F2263B9F7000818DFF /* foodData.json */,
			);
			path = Resources;
			sourceTree = "<group>";
		};
		C402694E263A3B5D008CC931 /* MealEntry */ = {
			isa = PBXGroup;
			children = (
				C402694F263A3B79008CC931 /* MealEntryHost.swift */,
				C44061AD263F3C65009886D0 /* MealsList.swift */,
				C43A3731263CED6F00A6C0D3 /* MealType.swift */,
				C4429AA2263CA9180097DCFF /* MealLookup.swift */,
				C4429A9E263CA17C0097DCFF /* SearchBar.swift */,
				C43478BB263CC39500BC4FC8 /* MealDetail.swift */,
				C4C453F4263B9FD600818DFF /* SearchResult.swift */,
				C419DD8E2640BC5B0052C435 /* RecommendedFood.swift */,
				C4429AA0263CA8800097DCFF /* ManualEntry.swift */,
				C4C453EE263B7A4800818DFF /* Meal.swift */,
			);
			path = MealEntry;
			sourceTree = "<group>";
		};
		C4026953263A3D7F008CC931 /* Home */ = {
			isa = PBXGroup;
			children = (
				C4D5B437263A41200031EAEB /* HomeHost.swift */,
			);
			path = Home;
			sourceTree = "<group>";
		};
		C419DD902640C9E10052C435 /* Notifications */ = {
			isa = PBXGroup;
			children = (
				C419DD932640CA280052C435 /* NotificationList.swift */,
				C419DD952640CCEB0052C435 /* NotificationPreview.swift */,
				C419DD912640CA160052C435 /* NotificationDetail.swift */,
				C419DD972640E5C70052C435 /* NotificationNumber.swift */,
			);
			path = Notifications;
			sourceTree = "<group>";
		};
		C49DE91026251848002FC058 = {
			isa = PBXGroup;
			children = (
				C49DE91B26251848002FC058 /* Artificial-Dietician */,
				C49DE91A26251848002FC058 /* Products */,
				281E58586CCD404B18A02A81 /* Pods */,
				A5D9B6F075993F5B4B8F4FC5 /* Frameworks */,
			);
			sourceTree = "<group>";
		};
		C49DE91A26251848002FC058 /* Products */ = {
			isa = PBXGroup;
			children = (
				C49DE91926251848002FC058 /* Artificial-Dietician.app */,
			);
			name = Products;
			sourceTree = "<group>";
		};
		C49DE91B26251848002FC058 /* Artificial-Dietician */ = {
			isa = PBXGroup;
			children = (
				C49DE91C26251848002FC058 /* Artificial_DieticianApp.swift */,
				C4F25848263227CB0015F32A /* Views */,
				C4C4B2492638D7680026EBB1 /* Model */,
				C402694B263A2BE8008CC931 /* Resources */,
				C4A765BC2643430400A6F244 /* Non-implemented Connections */,
				C49DE92026251848002FC058 /* Assets.xcassets */,
				C49DE92526251848002FC058 /* Info.plist */,
				C49DE92226251848002FC058 /* Preview Content */,
			);
			path = "Artificial-Dietician";
			sourceTree = "<group>";
		};
		C49DE92226251848002FC058 /* Preview Content */ = {
			isa = PBXGroup;
			children = (
				C49DE92326251848002FC058 /* Preview Assets.xcassets */,
			);
			path = "Preview Content";
			sourceTree = "<group>";
		};
		C4A765BC2643430400A6F244 /* Non-implemented Connections */ = {
			isa = PBXGroup;
			children = (
				C4259D5726268479004C4238 /* ViewController.swift */,
				C4F2584E26324EE30015F32A /* NutritionIXLinker.swift */,
				C4C453F0263B883F00818DFF /* FlimsViewController.swift */,
			);
			path = "Non-implemented Connections";
			sourceTree = "<group>";
		};
		C4B3350A2637AD6500C55CAA /* Account */ = {
			isa = PBXGroup;
			children = (
				C4C4B2432638CFF80026EBB1 /* ProfileHost.swift */,
				C4B3350B2637ADE100C55CAA /* Profile.swift */,
				C4C4B2462638D0980026EBB1 /* ProfileSummary.swift */,
				C4B3350F2637AEB700C55CAA /* ProfileEditor.swift */,
				C4C4B24E2638DD1D0026EBB1 /* ProfileEditingBar.swift */,
			);
			path = Account;
			sourceTree = "<group>";
		};
		C4B35C942638F67900DFF783 /* WeightEntry */ = {
			isa = PBXGroup;
			children = (
				C4B35C952638F6AD00DFF783 /* WeightEntryHost.swift */,
			);
			path = WeightEntry;
			sourceTree = "<group>";
		};
		C4B35C982638F88800DFF783 /* BottomBar */ = {
			isa = PBXGroup;
			children = (
				C48402AB2630F8FF007F439A /* TabBarIconView.swift */,
			);
			path = BottomBar;
			sourceTree = "<group>";
		};
		C4B35C9E2638FAA600DFF783 /* SharedPageViews */ = {
			isa = PBXGroup;
			children = (
				C48402952630EB40007F439A /* PageLabelView.swift */,
				C484029D2630F48C007F439A /* UserEnteryView.swift */,
				C48402A32630F760007F439A /* BorderedTextView.swift */,
				C48402A72630F83C007F439A /* TextFieldClearButton.swift */,
			);
			path = SharedPageViews;
			sourceTree = "<group>";
		};
		C4C4B2492638D7680026EBB1 /* Model */ = {
			isa = PBXGroup;
			children = (
				C4C4B24A2638D7B50026EBB1 /* ModelData.swift */,
				C49DE92C262525C8002FC058 /* ViewRouter.swift */,
			);
			path = Model;
			sourceTree = "<group>";
		};
		C4C4B2532638EEB90026EBB1 /* TopBar */ = {
			isa = PBXGroup;
			children = (
				C4C4B2542638EEDD0026EBB1 /* TopBarHost.swift */,
				C48402992630ED20007F439A /* TopBarIconView.swift */,
			);
			path = TopBar;
			sourceTree = "<group>";
		};
		C4F25848263227CB0015F32A /* Views */ = {
			isa = PBXGroup;
			children = (
				C49DE91E26251848002FC058 /* ContentView.swift */,
				C4C4B2532638EEB90026EBB1 /* TopBar */,
				C4B35C982638F88800DFF783 /* BottomBar */,
				C4026953263A3D7F008CC931 /* Home */,
				C402694E263A3B5D008CC931 /* MealEntry */,
				C4B35C942638F67900DFF783 /* WeightEntry */,
				C4B3350A2637AD6500C55CAA /* Account */,
				C4B35C9E2638FAA600DFF783 /* SharedPageViews */,
				C419DD902640C9E10052C435 /* Notifications */,
			);
			path = Views;
			sourceTree = "<group>";
		};
/* End PBXGroup section */

/* Begin PBXNativeTarget section */
		C49DE91826251848002FC058 /* Artificial-Dietician */ = {
			isa = PBXNativeTarget;
			buildConfigurationList = C49DE92826251848002FC058 /* Build configuration list for PBXNativeTarget "Artificial-Dietician" */;
			buildPhases = (
				D9882C7DB71346F1266629FD /* [CP] Check Pods Manifest.lock */,
				C49DE91526251848002FC058 /* Sources */,
				C49DE91626251848002FC058 /* Frameworks */,
				C49DE91726251848002FC058 /* Resources */,
				AEA01A1BD3E93B0420F31D29 /* [CP] Embed Pods Frameworks */,
			);
			buildRules = (
			);
			dependencies = (
			);
			name = "Artificial-Dietician";
			productName = "Artificial-Dietician";
			productReference = C49DE91926251848002FC058 /* Artificial-Dietician.app */;
			productType = "com.apple.product-type.application";
		};
/* End PBXNativeTarget section */

/* Begin PBXProject section */
		C49DE91126251848002FC058 /* Project object */ = {
			isa = PBXProject;
			attributes = {
				LastSwiftUpdateCheck = 1240;
				LastUpgradeCheck = 1240;
				TargetAttributes = {
					C49DE91826251848002FC058 = {
						CreatedOnToolsVersion = 12.4;
					};
				};
			};
			buildConfigurationList = C49DE91426251848002FC058 /* Build configuration list for PBXProject "Artificial-Dietician" */;
			compatibilityVersion = "Xcode 9.3";
			developmentRegion = en;
			hasScannedForEncodings = 0;
			knownRegions = (
				en,
				Base,
			);
			mainGroup = C49DE91026251848002FC058;
			productRefGroup = C49DE91A26251848002FC058 /* Products */;
			projectDirPath = "";
			projectRoot = "";
			targets = (
				C49DE91826251848002FC058 /* Artificial-Dietician */,
			);
		};
/* End PBXProject section */

/* Begin PBXResourcesBuildPhase section */
		C49DE91726251848002FC058 /* Resources */ = {
			isa = PBXResourcesBuildPhase;
			buildActionMask = 2147483647;
			files = (
				C49DE92426251848002FC058 /* Preview Assets.xcassets in Resources */,
				C49DE92126251848002FC058 /* Assets.xcassets in Resources */,
				C43A3736263CF26700A6C0D3 /* userData.json in Resources */,
				C4C453F3263B9F7000818DFF /* foodData.json in Resources */,
			);
			runOnlyForDeploymentPostprocessing = 0;
		};
/* End PBXResourcesBuildPhase section */

/* Begin PBXShellScriptBuildPhase section */
		AEA01A1BD3E93B0420F31D29 /* [CP] Embed Pods Frameworks */ = {
			isa = PBXShellScriptBuildPhase;
			buildActionMask = 2147483647;
			files = (
			);
			inputFileListPaths = (
				"${PODS_ROOT}/Target Support Files/Pods-Artificial-Dietician/Pods-Artificial-Dietician-frameworks-${CONFIGURATION}-input-files.xcfilelist",
			);
			name = "[CP] Embed Pods Frameworks";
			outputFileListPaths = (
				"${PODS_ROOT}/Target Support Files/Pods-Artificial-Dietician/Pods-Artificial-Dietician-frameworks-${CONFIGURATION}-output-files.xcfilelist",
			);
			runOnlyForDeploymentPostprocessing = 0;
			shellPath = /bin/sh;
			shellScript = "\"${PODS_ROOT}/Target Support Files/Pods-Artificial-Dietician/Pods-Artificial-Dietician-frameworks.sh\"\n";
			showEnvVarsInLog = 0;
		};
		D9882C7DB71346F1266629FD /* [CP] Check Pods Manifest.lock */ = {
			isa = PBXShellScriptBuildPhase;
			buildActionMask = 2147483647;
			files = (
			);
			inputFileListPaths = (
			);
			inputPaths = (
				"${PODS_PODFILE_DIR_PATH}/Podfile.lock",
				"${PODS_ROOT}/Manifest.lock",
			);
			name = "[CP] Check Pods Manifest.lock";
			outputFileListPaths = (
			);
			outputPaths = (
				"$(DERIVED_FILE_DIR)/Pods-Artificial-Dietician-checkManifestLockResult.txt",
			);
			runOnlyForDeploymentPostprocessing = 0;
			shellPath = /bin/sh;
			shellScript = "diff \"${PODS_PODFILE_DIR_PATH}/Podfile.lock\" \"${PODS_ROOT}/Manifest.lock\" > /dev/null\nif [ $? != 0 ] ; then\n    # print error to STDERR\n    echo \"error: The sandbox is not in sync with the Podfile.lock. Run 'pod install' or update your CocoaPods installation.\" >&2\n    exit 1\nfi\n# This output is used by Xcode 'outputs' to avoid re-running this script phase.\necho \"SUCCESS\" > \"${SCRIPT_OUTPUT_FILE_0}\"\n";
			showEnvVarsInLog = 0;
		};
/* End PBXShellScriptBuildPhase section */

/* Begin PBXSourcesBuildPhase section */
		C49DE91526251848002FC058 /* Sources */ = {
			isa = PBXSourcesBuildPhase;
			buildActionMask = 2147483647;
			files = (
				C4C4B24B2638D7B50026EBB1 /* ModelData.swift in Sources */,
				C48402A42630F760007F439A /* BorderedTextView.swift in Sources */,
				C48402962630EB40007F439A /* PageLabelView.swift in Sources */,
				C484029E2630F48C007F439A /* UserEnteryView.swift in Sources */,
				C43A3732263CED6F00A6C0D3 /* MealType.swift in Sources */,
				C44061AE263F3C65009886D0 /* MealsList.swift in Sources */,
				C4429AA3263CA9180097DCFF /* MealLookup.swift in Sources */,
				C419DD982640E5C70052C435 /* NotificationNumber.swift in Sources */,
				C4C4B24F2638DD1D0026EBB1 /* ProfileEditingBar.swift in Sources */,
				C419DD922640CA160052C435 /* NotificationDetail.swift in Sources */,
				C4C4B2442638CFF80026EBB1 /* ProfileHost.swift in Sources */,
				C4C453F1263B883F00818DFF /* FlimsViewController.swift in Sources */,
				C4026950263A3B79008CC931 /* MealEntryHost.swift in Sources */,
				C4B3350C2637ADE100C55CAA /* Profile.swift in Sources */,
				C4B335102637AEB700C55CAA /* ProfileEditor.swift in Sources */,
				C484029A2630ED20007F439A /* TopBarIconView.swift in Sources */,
				C43478BC263CC39500BC4FC8 /* MealDetail.swift in Sources */,
				C48402A82630F83C007F439A /* TextFieldClearButton.swift in Sources */,
				C4C453F5263B9FD600818DFF /* SearchResult.swift in Sources */,
				C4429A9F263CA17C0097DCFF /* SearchBar.swift in Sources */,
				C48402AC2630F8FF007F439A /* TabBarIconView.swift in Sources */,
				C49DE92D262525C8002FC058 /* ViewRouter.swift in Sources */,
				C4259D5826268479004C4238 /* ViewController.swift in Sources */,
				C4F2584F26324EE30015F32A /* NutritionIXLinker.swift in Sources */,
				C49DE91F26251848002FC058 /* ContentView.swift in Sources */,
				C4C4B2552638EEDD0026EBB1 /* TopBarHost.swift in Sources */,
				C4429AA1263CA8800097DCFF /* ManualEntry.swift in Sources */,
				C4C453EF263B7A4800818DFF /* Meal.swift in Sources */,
				C4B35C962638F6AD00DFF783 /* WeightEntryHost.swift in Sources */,
				C419DD8F2640BC5B0052C435 /* RecommendedFood.swift in Sources */,
				C419DD962640CCEB0052C435 /* NotificationPreview.swift in Sources */,
				C4D5B438263A41200031EAEB /* HomeHost.swift in Sources */,
				C49DE91D26251848002FC058 /* Artificial_DieticianApp.swift in Sources */,
				C4C4B2472638D0980026EBB1 /* ProfileSummary.swift in Sources */,
				C419DD942640CA280052C435 /* NotificationList.swift in Sources */,
			);
			runOnlyForDeploymentPostprocessing = 0;
		};
/* End PBXSourcesBuildPhase section */

/* Begin XCBuildConfiguration section */
		C49DE92626251848002FC058 /* Debug */ = {
			isa = XCBuildConfiguration;
			buildSettings = {
				ALWAYS_SEARCH_USER_PATHS = NO;
				CLANG_ANALYZER_NONNULL = YES;
				CLANG_ANALYZER_NUMBER_OBJECT_CONVERSION = YES_AGGRESSIVE;
				CLANG_CXX_LANGUAGE_STANDARD = "gnu++14";
				CLANG_CXX_LIBRARY = "libc++";
				CLANG_ENABLE_MODULES = YES;
				CLANG_ENABLE_OBJC_ARC = YES;
				CLANG_ENABLE_OBJC_WEAK = YES;
				CLANG_WARN_BLOCK_CAPTURE_AUTORELEASING = YES;
				CLANG_WARN_BOOL_CONVERSION = YES;
				CLANG_WARN_COMMA = YES;
				CLANG_WARN_CONSTANT_CONVERSION = YES;
				CLANG_WARN_DEPRECATED_OBJC_IMPLEMENTATIONS = YES;
				CLANG_WARN_DIRECT_OBJC_ISA_USAGE = YES_ERROR;
				CLANG_WARN_DOCUMENTATION_COMMENTS = YES;
				CLANG_WARN_EMPTY_BODY = YES;
				CLANG_WARN_ENUM_CONVERSION = YES;
				CLANG_WARN_INFINITE_RECURSION = YES;
				CLANG_WARN_INT_CONVERSION = YES;
				CLANG_WARN_NON_LITERAL_NULL_CONVERSION = YES;
				CLANG_WARN_OBJC_IMPLICIT_RETAIN_SELF = YES;
				CLANG_WARN_OBJC_LITERAL_CONVERSION = YES;
				CLANG_WARN_OBJC_ROOT_CLASS = YES_ERROR;
				CLANG_WARN_QUOTED_INCLUDE_IN_FRAMEWORK_HEADER = YES;
				CLANG_WARN_RANGE_LOOP_ANALYSIS = YES;
				CLANG_WARN_STRICT_PROTOTYPES = YES;
				CLANG_WARN_SUSPICIOUS_MOVE = YES;
				CLANG_WARN_UNGUARDED_AVAILABILITY = YES_AGGRESSIVE;
				CLANG_WARN_UNREACHABLE_CODE = YES;
				CLANG_WARN__DUPLICATE_METHOD_MATCH = YES;
				COPY_PHASE_STRIP = NO;
				DEBUG_INFORMATION_FORMAT = dwarf;
				ENABLE_STRICT_OBJC_MSGSEND = YES;
				ENABLE_TESTABILITY = YES;
				GCC_C_LANGUAGE_STANDARD = gnu11;
				GCC_DYNAMIC_NO_PIC = NO;
				GCC_NO_COMMON_BLOCKS = YES;
				GCC_OPTIMIZATION_LEVEL = 0;
				GCC_PREPROCESSOR_DEFINITIONS = (
					"DEBUG=1",
					"$(inherited)",
				);
				GCC_WARN_64_TO_32_BIT_CONVERSION = YES;
				GCC_WARN_ABOUT_RETURN_TYPE = YES_ERROR;
				GCC_WARN_UNDECLARED_SELECTOR = YES;
				GCC_WARN_UNINITIALIZED_AUTOS = YES_AGGRESSIVE;
				GCC_WARN_UNUSED_FUNCTION = YES;
				GCC_WARN_UNUSED_VARIABLE = YES;
				IPHONEOS_DEPLOYMENT_TARGET = 14.4;
				MTL_ENABLE_DEBUG_INFO = INCLUDE_SOURCE;
				MTL_FAST_MATH = YES;
				ONLY_ACTIVE_ARCH = YES;
				SDKROOT = iphoneos;
				SWIFT_ACTIVE_COMPILATION_CONDITIONS = DEBUG;
				SWIFT_OPTIMIZATION_LEVEL = "-Onone";
			};
			name = Debug;
		};
		C49DE92726251848002FC058 /* Release */ = {
			isa = XCBuildConfiguration;
			buildSettings = {
				ALWAYS_SEARCH_USER_PATHS = NO;
				CLANG_ANALYZER_NONNULL = YES;
				CLANG_ANALYZER_NUMBER_OBJECT_CONVERSION = YES_AGGRESSIVE;
				CLANG_CXX_LANGUAGE_STANDARD = "gnu++14";
				CLANG_CXX_LIBRARY = "libc++";
				CLANG_ENABLE_MODULES = YES;
				CLANG_ENABLE_OBJC_ARC = YES;
				CLANG_ENABLE_OBJC_WEAK = YES;
				CLANG_WARN_BLOCK_CAPTURE_AUTORELEASING = YES;
				CLANG_WARN_BOOL_CONVERSION = YES;
				CLANG_WARN_COMMA = YES;
				CLANG_WARN_CONSTANT_CONVERSION = YES;
				CLANG_WARN_DEPRECATED_OBJC_IMPLEMENTATIONS = YES;
				CLANG_WARN_DIRECT_OBJC_ISA_USAGE = YES_ERROR;
				CLANG_WARN_DOCUMENTATION_COMMENTS = YES;
				CLANG_WARN_EMPTY_BODY = YES;
				CLANG_WARN_ENUM_CONVERSION = YES;
				CLANG_WARN_INFINITE_RECURSION = YES;
				CLANG_WARN_INT_CONVERSION = YES;
				CLANG_WARN_NON_LITERAL_NULL_CONVERSION = YES;
				CLANG_WARN_OBJC_IMPLICIT_RETAIN_SELF = YES;
				CLANG_WARN_OBJC_LITERAL_CONVERSION = YES;
				CLANG_WARN_OBJC_ROOT_CLASS = YES_ERROR;
				CLANG_WARN_QUOTED_INCLUDE_IN_FRAMEWORK_HEADER = YES;
				CLANG_WARN_RANGE_LOOP_ANALYSIS = YES;
				CLANG_WARN_STRICT_PROTOTYPES = YES;
				CLANG_WARN_SUSPICIOUS_MOVE = YES;
				CLANG_WARN_UNGUARDED_AVAILABILITY = YES_AGGRESSIVE;
				CLANG_WARN_UNREACHABLE_CODE = YES;
				CLANG_WARN__DUPLICATE_METHOD_MATCH = YES;
				COPY_PHASE_STRIP = NO;
				DEBUG_INFORMATION_FORMAT = "dwarf-with-dsym";
				ENABLE_NS_ASSERTIONS = NO;
				ENABLE_STRICT_OBJC_MSGSEND = YES;
				GCC_C_LANGUAGE_STANDARD = gnu11;
				GCC_NO_COMMON_BLOCKS = YES;
				GCC_WARN_64_TO_32_BIT_CONVERSION = YES;
				GCC_WARN_ABOUT_RETURN_TYPE = YES_ERROR;
				GCC_WARN_UNDECLARED_SELECTOR = YES;
				GCC_WARN_UNINITIALIZED_AUTOS = YES_AGGRESSIVE;
				GCC_WARN_UNUSED_FUNCTION = YES;
				GCC_WARN_UNUSED_VARIABLE = YES;
				IPHONEOS_DEPLOYMENT_TARGET = 14.4;
				MTL_ENABLE_DEBUG_INFO = NO;
				MTL_FAST_MATH = YES;
				SDKROOT = iphoneos;
				SWIFT_COMPILATION_MODE = wholemodule;
				SWIFT_OPTIMIZATION_LEVEL = "-O";
				VALIDATE_PRODUCT = YES;
			};
			name = Release;
		};
		C49DE92926251848002FC058 /* Debug */ = {
			isa = XCBuildConfiguration;
			baseConfigurationReference = 6B2BD2B43CEEF3BE201D7200 /* Pods-Artificial-Dietician.debug.xcconfig */;
			buildSettings = {
				ASSETCATALOG_COMPILER_APPICON_NAME = AppIcon;
				ASSETCATALOG_COMPILER_GLOBAL_ACCENT_COLOR_NAME = AccentColor;
				CODE_SIGN_STYLE = Automatic;
				DEVELOPMENT_ASSET_PATHS = "\"Artificial-Dietician/Preview Content\"";
				ENABLE_PREVIEWS = YES;
				INFOPLIST_FILE = "Artificial-Dietician/Info.plist";
				IPHONEOS_DEPLOYMENT_TARGET = 14.0;
				LD_RUNPATH_SEARCH_PATHS = (
					"$(inherited)",
					"@executable_path/Frameworks",
				);
				PRODUCT_BUNDLE_IDENTIFIER = "camerontriplett.Artificial-Dietician";
				PRODUCT_NAME = "$(TARGET_NAME)";
				SWIFT_VERSION = 5.0;
				TARGETED_DEVICE_FAMILY = "1,2";
			};
			name = Debug;
		};
		C49DE92A26251848002FC058 /* Release */ = {
			isa = XCBuildConfiguration;
			baseConfigurationReference = 1D24785322E6076B57B80B79 /* Pods-Artificial-Dietician.release.xcconfig */;
			buildSettings = {
				ASSETCATALOG_COMPILER_APPICON_NAME = AppIcon;
				ASSETCATALOG_COMPILER_GLOBAL_ACCENT_COLOR_NAME = AccentColor;
				CODE_SIGN_STYLE = Automatic;
				DEVELOPMENT_ASSET_PATHS = "\"Artificial-Dietician/Preview Content\"";
				ENABLE_PREVIEWS = YES;
				INFOPLIST_FILE = "Artificial-Dietician/Info.plist";
				IPHONEOS_DEPLOYMENT_TARGET = 14.0;
				LD_RUNPATH_SEARCH_PATHS = (
					"$(inherited)",
					"@executable_path/Frameworks",
				);
				PRODUCT_BUNDLE_IDENTIFIER = "camerontriplett.Artificial-Dietician";
				PRODUCT_NAME = "$(TARGET_NAME)";
				SWIFT_VERSION = 5.0;
				TARGETED_DEVICE_FAMILY = "1,2";
			};
			name = Release;
		};
/* End XCBuildConfiguration section */

/* Begin XCConfigurationList section */
		C49DE91426251848002FC058 /* Build configuration list for PBXProject "Artificial-Dietician" */ = {
			isa = XCConfigurationList;
			buildConfigurations = (
				C49DE92626251848002FC058 /* Debug */,
				C49DE92726251848002FC058 /* Release */,
			);
			defaultConfigurationIsVisible = 0;
			defaultConfigurationName = Release;
		};
		C49DE92826251848002FC058 /* Build configuration list for PBXNativeTarget "Artificial-Dietician" */ = {
			isa = XCConfigurationList;
			buildConfigurations = (
				C49DE92926251848002FC058 /* Debug */,
				C49DE92A26251848002FC058 /* Release */,
			);
			defaultConfigurationIsVisible = 0;
			defaultConfigurationName = Release;
		};
/* End XCConfigurationList section */
	};
	rootObject = C49DE91126251848002FC058 /* Project object */;
}
